
Microsoft Visual Studio Solution File, Format Version 12.00
# Visual Studio Version 16
VisualStudioVersion = 16.0.29306.81
MinimumVisualStudioVersion = 10.0.40219.1
Project("{FAE04EC0-301F-11D3-BF4B-00C04F79EFBC}") = "PCS", "PCS\PCS.csproj", "{8513684D-E5C2-4BA0-B746-9719217EDF12}"
EndProject
Project("{FAE04EC0-301F-11D3-BF4B-00C04F79EFBC}") = "Client", "Client\Client.csproj", "{C3D3B382-92CA-43FF-BB0B-74F0D9F2798E}"
EndProject
Project("{FAE04EC0-301F-11D3-BF4B-00C04F79EFBC}") = "Client-Server", "Client-Server\Client-Server.csproj", "{34EBCBF3-8DDA-4D9F-945E-9DE1317750D2}"
EndProject
Project("{FAE04EC0-301F-11D3-BF4B-00C04F79EFBC}") = "Puppet-Server", "Puppet-Server\Puppet-Server.csproj", "{FC61062F-31F0-4770-868B-E665FFEFDFE3}"
EndProject
Project("{FAE04EC0-301F-11D3-BF4B-00C04F79EFBC}") = "Puppet-PCS", "Puppet-PCS\Puppet-PCS.csproj", "{6CCB69E1-6660-4C14-9B6C-248628F20FBC}"
EndProject
Project("{FAE04EC0-301F-11D3-BF4B-00C04F79EFBC}") = "Server", "Server\Server.csproj", "{306CFB8A-A525-4F5C-96EA-978D1166F48F}"
EndProject
Project("{FAE04EC0-301F-11D3-BF4B-00C04F79EFBC}") = "PuppetMaster", "PuppetMaster\PuppetMaster.csproj", "{1607CBF1-C237-4318-BA56-3B972D439606}"
EndProject
Global
	GlobalSection(SolutionConfigurationPlatforms) = preSolution
		Debug|Any CPU = Debug|Any CPU
		Release|Any CPU = Release|Any CPU
	EndGlobalSection
	GlobalSection(ProjectConfigurationPlatforms) = postSolution
		{8513684D-E5C2-4BA0-B746-9719217EDF12}.Debug|Any CPU.ActiveCfg = Debug|Any CPU
		{8513684D-E5C2-4BA0-B746-9719217EDF12}.Debug|Any CPU.Build.0 = Debug|Any CPU
		{8513684D-E5C2-4BA0-B746-9719217EDF12}.Release|Any CPU.ActiveCfg = Release|Any CPU
		{8513684D-E5C2-4BA0-B746-9719217EDF12}.Release|Any CPU.Build.0 = Release|Any CPU
		{C3D3B382-92CA-43FF-BB0B-74F0D9F2798E}.Debug|Any CPU.ActiveCfg = Debug|Any CPU
		{C3D3B382-92CA-43FF-BB0B-74F0D9F2798E}.Debug|Any CPU.Build.0 = Debug|Any CPU
		{C3D3B382-92CA-43FF-BB0B-74F0D9F2798E}.Release|Any CPU.ActiveCfg = Release|Any CPU
		{C3D3B382-92CA-43FF-BB0B-74F0D9F2798E}.Release|Any CPU.Build.0 = Release|Any CPU
		{34EBCBF3-8DDA-4D9F-945E-9DE1317750D2}.Debug|Any CPU.ActiveCfg = Debug|Any CPU
		{34EBCBF3-8DDA-4D9F-945E-9DE1317750D2}.Debug|Any CPU.Build.0 = Debug|Any CPU
		{34EBCBF3-8DDA-4D9F-945E-9DE1317750D2}.Release|Any CPU.ActiveCfg = Release|Any CPU
		{34EBCBF3-8DDA-4D9F-945E-9DE1317750D2}.Release|Any CPU.Build.0 = Release|Any CPU
		{FC61062F-31F0-4770-868B-E665FFEFDFE3}.Debug|Any CPU.ActiveCfg = Debug|Any CPU
		{FC61062F-31F0-4770-868B-E665FFEFDFE3}.Debug|Any CPU.Build.0 = Debug|Any CPU
		{FC61062F-31F0-4770-868B-E665FFEFDFE3}.Release|Any CPU.ActiveCfg = Release|Any CPU
		{FC61062F-31F0-4770-868B-E665FFEFDFE3}.Release|Any CPU.Build.0 = Release|Any CPU
		{6CCB69E1-6660-4C14-9B6C-248628F20FBC}.Debug|Any CPU.ActiveCfg = Debug|Any CPU
		{6CCB69E1-6660-4C14-9B6C-248628F20FBC}.Debug|Any CPU.Build.0 = Debug|Any CPU
		{6CCB69E1-6660-4C14-9B6C-248628F20FBC}.Release|Any CPU.ActiveCfg = Release|Any CPU
		{6CCB69E1-6660-4C14-9B6C-248628F20FBC}.Release|Any CPU.Build.0 = Release|Any CPU
		{306CFB8A-A525-4F5C-96EA-978D1166F48F}.Debug|Any CPU.ActiveCfg = Debug|Any CPU
		{306CFB8A-A525-4F5C-96EA-978D1166F48F}.Debug|Any CPU.Build.0 = Debug|Any CPU
		{306CFB8A-A525-4F5C-96EA-978D1166F48F}.Release|Any CPU.ActiveCfg = Release|Any CPU
		{306CFB8A-A525-4F5C-96EA-978D1166F48F}.Release|Any CPU.Build.0 = Release|Any CPU
		{1607CBF1-C237-4318-BA56-3B972D439606}.Debug|Any CPU.ActiveCfg = Debug|Any CPU
		{1607CBF1-C237-4318-BA56-3B972D439606}.Debug|Any CPU.Build.0 = Debug|Any CPU
		{1607CBF1-C237-4318-BA56-3B972D439606}.Release|Any CPU.ActiveCfg = Release|Any CPU
		{1607CBF1-C237-4318-BA56-3B972D439606}.Release|Any CPU.Build.0 = Release|Any CPU
	EndGlobalSection
	GlobalSection(SolutionProperties) = preSolution
		HideSolutionNode = FALSE
	EndGlobalSection
	GlobalSection(ExtensibilityGlobals) = postSolution
		SolutionGuid = {B8A8E7D7-705F-40AB-96C3-4C3DF6446F33}
	EndGlobalSection
EndGlobal
